{
    "requires": true,
    "lockfileVersion": 1,
    "dependencies": {
        "ion-rangeslider": {
            "version": "2.3.0",
            "resolved": "https://registry.npmjs.org/ion-rangeslider/-/ion-rangeslider-2.3.0.tgz",
            "integrity": "sha512-7TtH9/X4Aq/xCzboWxjwlv20gVqR90Ysc3aehMlTuH2/ULaSxpB80hq+yvD1N0FwWbPDtxQpjQrz/iX+LWXKmg==",
            "requires": {
                "jquery": ">=1.8"
            }
        },
        "jquery": {
            "version": "3.4.1",
            "resolved": "https://registry.npmjs.org/jquery/-/jquery-3.4.1.tgz",
            "integrity": "sha512-36+AdBzCL+y6qjw5Tx7HgzeGCzC81MDDgaUP8ld2zhx58HdqXGoBd+tHdrBMiyjGQs0Hxs/MLZTu/eHNJJuWPw=="
        },
        "list.js": {
            "version": "1.5.0",
            "resolved": "https://registry.npmjs.org/list.js/-/list.js-1.5.0.tgz",
            "integrity": "sha1-pMv8goHd78Av2y0wyHSL+uJfvNo=",
            "requires": {
                "string-natural-compare": "^2.0.2"
            }
        },
        "string-natural-compare": {
            "version": "2.0.3",
            "resolved": "https://registry.npmjs.org/string-natural-compare/-/string-natural-compare-2.0.3.tgz",
            "integrity": "sha512-4Kcl12rNjc+6EKhY8QyDVuQTAlMWwRiNbsxnVwBUKFr7dYPQuXVrtNU4sEkjF9LHY0AY6uVbB3ktbkIH4LC+BQ=="
        }
    }
}
